// !$*UTF8*$!
{
	archiveVersion = 1;
	classes = {
	};
	objectVersion = 46;
	objects = {

/* Begin PBXBuildFile section */
		523A623A1C9E3910005ECA37 /* AppDelegate.swift in Sources */ = {isa = PBXBuildFile; fileRef = 523A62391C9E3910005ECA37 /* AppDelegate.swift */; };
		523A62411C9E3910005ECA37 /* Assets.xcassets in Resources */ = {isa = PBXBuildFile; fileRef = 523A62401C9E3910005ECA37 /* Assets.xcassets */; };
		523A62671C9E3E88005ECA37 /* GZHomeController.swift in Sources */ = {isa = PBXBuildFile; fileRef = 523A62661C9E3E88005ECA37 /* GZHomeController.swift */; };
		523A62691C9E3EA5005ECA37 /* GZMessageController.swift in Sources */ = {isa = PBXBuildFile; fileRef = 523A62681C9E3EA5005ECA37 /* GZMessageController.swift */; };
		523A626B1C9E3ECC005ECA37 /* GZProfileController.swift in Sources */ = {isa = PBXBuildFile; fileRef = 523A626A1C9E3ECC005ECA37 /* GZProfileController.swift */; };
		523A626D1C9E3EE3005ECA37 /* GZDiscoverController.swift in Sources */ = {isa = PBXBuildFile; fileRef = 523A626C1C9E3EE3005ECA37 /* GZDiscoverController.swift */; };
		523A626F1C9E40EE005ECA37 /* GZMainViewController.swift in Sources */ = {isa = PBXBuildFile; fileRef = 523A626E1C9E40EE005ECA37 /* GZMainViewController.swift */; };
		523A62751C9E48E1005ECA37 /* GZMainTabBar.swift in Sources */ = {isa = PBXBuildFile; fileRef = 523A62741C9E48E1005ECA37 /* GZMainTabBar.swift */; };
		52A419271CA00663008E09A1 /* GZBaseTableViewController.swift in Sources */ = {isa = PBXBuildFile; fileRef = 52A419261CA00663008E09A1 /* GZBaseTableViewController.swift */; };
		52A4192B1CA008DF008E09A1 /* GZVisitorView.swift in Sources */ = {isa = PBXBuildFile; fileRef = 52A4192A1CA008DF008E09A1 /* GZVisitorView.swift */; };
/* End PBXBuildFile section */

/* Begin PBXFileReference section */
		523A62361C9E3910005ECA37 /* sinaweibo.app */ = {isa = PBXFileReference; explicitFileType = wrapper.application; includeInIndex = 0; path = sinaweibo.app; sourceTree = BUILT_PRODUCTS_DIR; };
		523A62391C9E3910005ECA37 /* AppDelegate.swift */ = {isa = PBXFileReference; lastKnownFileType = sourcecode.swift; name = AppDelegate.swift; path = ../AppDelegate.swift; sourceTree = "<group>"; };
		523A62401C9E3910005ECA37 /* Assets.xcassets */ = {isa = PBXFileReference; lastKnownFileType = folder.assetcatalog; name = Assets.xcassets; path = ../Assets.xcassets; sourceTree = "<group>"; };
		523A62451C9E3910005ECA37 /* Info.plist */ = {isa = PBXFileReference; lastKnownFileType = text.plist.xml; name = Info.plist; path = ../Info.plist; sourceTree = "<group>"; };
		523A62661C9E3E88005ECA37 /* GZHomeController.swift */ = {isa = PBXFileReference; fileEncoding = 4; lastKnownFileType = sourcecode.swift; path = GZHomeController.swift; sourceTree = "<group>"; };
		523A62681C9E3EA5005ECA37 /* GZMessageController.swift */ = {isa = PBXFileReference; fileEncoding = 4; lastKnownFileType = sourcecode.swift; path = GZMessageController.swift; sourceTree = "<group>"; };
		523A626A1C9E3ECC005ECA37 /* GZProfileController.swift */ = {isa = PBXFileReference; fileEncoding = 4; lastKnownFileType = sourcecode.swift; path = GZProfileController.swift; sourceTree = "<group>"; };
		523A626C1C9E3EE3005ECA37 /* GZDiscoverController.swift */ = {isa = PBXFileReference; fileEncoding = 4; lastKnownFileType = sourcecode.swift; path = GZDiscoverController.swift; sourceTree = "<group>"; };
		523A626E1C9E40EE005ECA37 /* GZMainViewController.swift */ = {isa = PBXFileReference; fileEncoding = 4; lastKnownFileType = sourcecode.swift; path = GZMainViewController.swift; sourceTree = "<group>"; };
		523A62741C9E48E1005ECA37 /* GZMainTabBar.swift */ = {isa = PBXFileReference; fileEncoding = 4; lastKnownFileType = sourcecode.swift; path = GZMainTabBar.swift; sourceTree = "<group>"; };
		52A419261CA00663008E09A1 /* GZBaseTableViewController.swift */ = {isa = PBXFileReference; fileEncoding = 4; lastKnownFileType = sourcecode.swift; path = GZBaseTableViewController.swift; sourceTree = "<group>"; };
		52A4192A1CA008DF008E09A1 /* GZVisitorView.swift */ = {isa = PBXFileReference; fileEncoding = 4; lastKnownFileType = sourcecode.swift; path = GZVisitorView.swift; sourceTree = "<group>"; };
/* End PBXFileReference section */

/* Begin PBXFrameworksBuildPhase section */
		523A62331C9E3910005ECA37 /* Frameworks */ = {
			isa = PBXFrameworksBuildPhase;
			buildActionMask = 2147483647;
			files = (
			);
			runOnlyForDeploymentPostprocessing = 0;
		};
/* End PBXFrameworksBuildPhase section */

/* Begin PBXGroup section */
		523A622D1C9E3910005ECA37 = {
			isa = PBXGroup;
			children = (
				523A62381C9E3910005ECA37 /* sinaweibo */,
				523A62371C9E3910005ECA37 /* Products */,
			);
			sourceTree = "<group>";
		};
		523A62371C9E3910005ECA37 /* Products */ = {
			isa = PBXGroup;
			children = (
				523A62361C9E3910005ECA37 /* sinaweibo.app */,
			);
			name = Products;
			sourceTree = "<group>";
		};
		523A62381C9E3910005ECA37 /* sinaweibo */ = {
			isa = PBXGroup;
			children = (
				523A62651C9E3DAE005ECA37 /* Resoure */,
				523A624B1C9E3D97005ECA37 /* Classes */,
			);
			path = sinaweibo;
			sourceTree = "<group>";
		};
		523A624B1C9E3D97005ECA37 /* Classes */ = {
			isa = PBXGroup;
			children = (
				523A62391C9E3910005ECA37 /* AppDelegate.swift */,
				523A624C1C9E3D97005ECA37 /* Extension */,
				523A624D1C9E3D97005ECA37 /* Library */,
				523A624E1C9E3D97005ECA37 /* Model */,
				523A624F1C9E3D97005ECA37 /* Module */,
				523A62641C9E3D97005ECA37 /* Tool */,
			);
			path = Classes;
			sourceTree = "<group>";
		};
		523A624C1C9E3D97005ECA37 /* Extension */ = {
			isa = PBXGroup;
			children = (
			);
			path = Extension;
			sourceTree = "<group>";
		};
		523A624D1C9E3D97005ECA37 /* Library */ = {
			isa = PBXGroup;
			children = (
			);
			path = Library;
			sourceTree = "<group>";
		};
		523A624E1C9E3D97005ECA37 /* Model */ = {
			isa = PBXGroup;
			children = (
			);
			path = Model;
			sourceTree = "<group>";
		};
		523A624F1C9E3D97005ECA37 /* Module */ = {
			isa = PBXGroup;
			children = (
				523A62501C9E3D97005ECA37 /* Discover */,
				523A62541C9E3D97005ECA37 /* Home */,
				523A62581C9E3D97005ECA37 /* Main */,
				523A625C1C9E3D97005ECA37 /* Message */,
				523A62601C9E3D97005ECA37 /* Profile */,
			);
			path = Module;
			sourceTree = "<group>";
		};
		523A62501C9E3D97005ECA37 /* Discover */ = {
			isa = PBXGroup;
			children = (
				523A62511C9E3D97005ECA37 /* Controller */,
				523A62521C9E3D97005ECA37 /* Model */,
				523A62531C9E3D97005ECA37 /* View */,
			);
			path = Discover;
			sourceTree = "<group>";
		};
		523A62511C9E3D97005ECA37 /* Controller */ = {
			isa = PBXGroup;
			children = (
				523A626C1C9E3EE3005ECA37 /* GZDiscoverController.swift */,
			);
			path = Controller;
			sourceTree = "<group>";
		};
		523A62521C9E3D97005ECA37 /* Model */ = {
			isa = PBXGroup;
			children = (
			);
			path = Model;
			sourceTree = "<group>";
		};
		523A62531C9E3D97005ECA37 /* View */ = {
			isa = PBXGroup;
			children = (
			);
			path = View;
			sourceTree = "<group>";
		};
		523A62541C9E3D97005ECA37 /* Home */ = {
			isa = PBXGroup;
			children = (
				523A62551C9E3D97005ECA37 /* Controller */,
				523A62561C9E3D97005ECA37 /* Model */,
				523A62571C9E3D97005ECA37 /* View */,
			);
			path = Home;
			sourceTree = "<group>";
		};
		523A62551C9E3D97005ECA37 /* Controller */ = {
			isa = PBXGroup;
			children = (
				523A62661C9E3E88005ECA37 /* GZHomeController.swift */,
			);
			path = Controller;
			sourceTree = "<group>";
		};
		523A62561C9E3D97005ECA37 /* Model */ = {
			isa = PBXGroup;
			children = (
			);
			path = Model;
			sourceTree = "<group>";
		};
		523A62571C9E3D97005ECA37 /* View */ = {
			isa = PBXGroup;
			children = (
			);
			path = View;
			sourceTree = "<group>";
		};
		523A62581C9E3D97005ECA37 /* Main */ = {
			isa = PBXGroup;
			children = (
				523A62591C9E3D97005ECA37 /* Controller */,
				523A625A1C9E3D97005ECA37 /* Model */,
				523A625B1C9E3D97005ECA37 /* View */,
			);
			path = Main;
			sourceTree = "<group>";
		};
		523A62591C9E3D97005ECA37 /* Controller */ = {
			isa = PBXGroup;
			children = (
				523A626E1C9E40EE005ECA37 /* GZMainViewController.swift */,
				52A419261CA00663008E09A1 /* GZBaseTableViewController.swift */,
			);
			path = Controller;
			sourceTree = "<group>";
		};
		523A625A1C9E3D97005ECA37 /* Model */ = {
			isa = PBXGroup;
			children = (
			);
			path = Model;
			sourceTree = "<group>";
		};
		523A625B1C9E3D97005ECA37 /* View */ = {
			isa = PBXGroup;
			children = (
				523A62741C9E48E1005ECA37 /* GZMainTabBar.swift */,
				52A4192A1CA008DF008E09A1 /* GZVisitorView.swift */,
			);
			path = View;
			sourceTree = "<group>";
		};
		523A625C1C9E3D97005ECA37 /* Message */ = {
			isa = PBXGroup;
			children = (
				523A625D1C9E3D97005ECA37 /* Controller */,
				523A625E1C9E3D97005ECA37 /* Model */,
				523A625F1C9E3D97005ECA37 /* View */,
			);
			path = Message;
			sourceTree = "<group>";
		};
		523A625D1C9E3D97005ECA37 /* Controller */ = {
			isa = PBXGroup;
			children = (
				523A62681C9E3EA5005ECA37 /* GZMessageController.swift */,
			);
			path = Controller;
			sourceTree = "<group>";
		};
		523A625E1C9E3D97005ECA37 /* Model */ = {
			isa = PBXGroup;
			children = (
			);
			path = Model;
			sourceTree = "<group>";
		};
		523A625F1C9E3D97005ECA37 /* View */ = {
			isa = PBXGroup;
			children = (
			);
			path = View;
			sourceTree = "<group>";
		};
		523A62601C9E3D97005ECA37 /* Profile */ = {
			isa = PBXGroup;
			children = (
				523A62611C9E3D97005ECA37 /* Controller */,
				523A62621C9E3D97005ECA37 /* Model */,
				523A62631C9E3D97005ECA37 /* View */,
			);
			path = Profile;
			sourceTree = "<group>";
		};
		523A62611C9E3D97005ECA37 /* Controller */ = {
			isa = PBXGroup;
			children = (
				523A626A1C9E3ECC005ECA37 /* GZProfileController.swift */,
			);
			path = Controller;
			sourceTree = "<group>";
		};
		523A62621C9E3D97005ECA37 /* Model */ = {
			isa = PBXGroup;
			children = (
			);
			path = Model;
			sourceTree = "<group>";
		};
		523A62631C9E3D97005ECA37 /* View */ = {
			isa = PBXGroup;
			children = (
			);
			path = View;
			sourceTree = "<group>";
		};
		523A62641C9E3D97005ECA37 /* Tool */ = {
			isa = PBXGroup;
			children = (
			);
			path = Tool;
			sourceTree = "<group>";
		};
		523A62651C9E3DAE005ECA37 /* Resoure */ = {
			isa = PBXGroup;
			children = (
				523A62401C9E3910005ECA37 /* Assets.xcassets */,
				523A62451C9E3910005ECA37 /* Info.plist */,
			);
			path = Resoure;
			sourceTree = "<group>";
		};
/* End PBXGroup section */

/* Begin PBXNativeTarget section */
		523A62351C9E3910005ECA37 /* sinaweibo */ = {
			isa = PBXNativeTarget;
			buildConfigurationList = 523A62481C9E3910005ECA37 /* Build configuration list for PBXNativeTarget "sinaweibo" */;
			buildPhases = (
				523A62321C9E3910005ECA37 /* Sources */,
				523A62331C9E3910005ECA37 /* Frameworks */,
				523A62341C9E3910005ECA37 /* Resources */,
			);
			buildRules = (
			);
			dependencies = (
			);
			name = sinaweibo;
			productName = sinaweibo;
			productReference = 523A62361C9E3910005ECA37 /* sinaweibo.app */;
			productType = "com.apple.product-type.application";
		};
/* End PBXNativeTarget section */

/* Begin PBXProject section */
		523A622E1C9E3910005ECA37 /* Project object */ = {
			isa = PBXProject;
			attributes = {
				CLASSPREFIX = GZ;
				LastUpgradeCheck = 0710;
				ORGANIZATIONNAME = finish;
				TargetAttributes = {
					523A62351C9E3910005ECA37 = {
						CreatedOnToolsVersion = 7.1;
						DevelopmentTeam = EPF26ZUY7A;
					};
				};
			};
			buildConfigurationList = 523A62311C9E3910005ECA37 /* Build configuration list for PBXProject "sinaweibo" */;
			compatibilityVersion = "Xcode 3.2";
			developmentRegion = English;
			hasScannedForEncodings = 0;
			knownRegions = (
				en,
				Base,
			);
			mainGroup = 523A622D1C9E3910005ECA37;
			productRefGroup = 523A62371C9E3910005ECA37 /* Products */;
			projectDirPath = "";
			projectRoot = "";
			targets = (
				523A62351C9E3910005ECA37 /* sinaweibo */,
			);
		};
/* End PBXProject section */

/* Begin PBXResourcesBuildPhase section */
		523A62341C9E3910005ECA37 /* Resources */ = {
			isa = PBXResourcesBuildPhase;
			buildActionMask = 2147483647;
			files = (
				523A62411C9E3910005ECA37 /* Assets.xcassets in Resources */,
			);
			runOnlyForDeploymentPostprocessing = 0;
		};
/* End PBXResourcesBuildPhase section */

/* Begin PBXSourcesBuildPhase section */
		523A62321C9E3910005ECA37 /* Sources */ = {
			isa = PBXSourcesBuildPhase;
			buildActionMask = 2147483647;
			files = (
				523A623A1C9E3910005ECA37 /* AppDelegate.swift in Sources */,
				523A62751C9E48E1005ECA37 /* GZMainTabBar.swift in Sources */,
				523A62671C9E3E88005ECA37 /* GZHomeController.swift in Sources */,
				523A626B1C9E3ECC005ECA37 /* GZProfileController.swift in Sources */,
				52A4192B1CA008DF008E09A1 /* GZVisitorView.swift in Sources */,
				523A626D1C9E3EE3005ECA37 /* GZDiscoverController.swift in Sources */,
				52A419271CA00663008E09A1 /* GZBaseTableViewController.swift in Sources */,
				523A626F1C9E40EE005ECA37 /* GZMainViewController.swift in Sources */,
				523A62691C9E3EA5005ECA37 /* GZMessageController.swift in Sources */,
			);
			runOnlyForDeploymentPostprocessing = 0;
		};
/* End PBXSourcesBuildPhase section */

/* Begin XCBuildConfiguration section */
		523A62461C9E3910005ECA37 /* Debug */ = {
			isa = XCBuildConfiguration;
			buildSettings = {
				ALWAYS_SEARCH_USER_PATHS = NO;
				CLANG_CXX_LANGUAGE_STANDARD = "gnu++0x";
				CLANG_CXX_LIBRARY = "libc++";
				CLANG_ENABLE_MODULES = YES;
				CLANG_ENABLE_OBJC_ARC = YES;
				CLANG_WARN_BOOL_CONVERSION = YES;
				CLANG_WARN_CONSTANT_CONVERSION = YES;
				CLANG_WARN_DIRECT_OBJC_ISA_USAGE = YES_ERROR;
				CLANG_WARN_EMPTY_BODY = YES;
				CLANG_WARN_ENUM_CONVERSION = YES;
				CLANG_WARN_INT_CONVERSION = YES;
				CLANG_WARN_OBJC_ROOT_CLASS = YES_ERROR;
				CLANG_WARN_UNREACHABLE_CODE = YES;
				CLANG_WARN__DUPLICATE_METHOD_MATCH = YES;
				"CODE_SIGN_IDENTITY[sdk=iphoneos*]" = "iPhone Developer";
				COPY_PHASE_STRIP = NO;
				DEBUG_INFORMATION_FORMAT = dwarf;
				ENABLE_STRICT_OBJC_MSGSEND = YES;
				ENABLE_TESTABILITY = YES;
				GCC_C_LANGUAGE_STANDARD = gnu99;
				GCC_DYNAMIC_NO_PIC = NO;
				GCC_NO_COMMON_BLOCKS = YES;
				GCC_OPTIMIZATION_LEVEL = 0;
				GCC_PREPROCESSOR_DEFINITIONS = (
					"DEBUG=1",
					"$(inherited)",
				);
				GCC_WARN_64_TO_32_BIT_CONVERSION = YES;
				GCC_WARN_ABOUT_RETURN_TYPE = YES_ERROR;
				GCC_WARN_UNDECLARED_SELECTOR = YES;
				GCC_WARN_UNINITIALIZED_AUTOS = YES_AGGRESSIVE;
				GCC_WARN_UNUSED_FUNCTION = YES;
				GCC_WARN_UNUSED_VARIABLE = YES;
				IPHONEOS_DEPLOYMENT_TARGET = 9.1;
				MTL_ENABLE_DEBUG_INFO = YES;
				ONLY_ACTIVE_ARCH = YES;
				SDKROOT = iphoneos;
				SWIFT_OPTIMIZATION_LEVEL = "-Onone";
			};
			name = Debug;
		};
		523A62471C9E3910005ECA37 /* Release */ = {
			isa = XCBuildConfiguration;
			buildSettings = {
				ALWAYS_SEARCH_USER_PATHS = NO;
				CLANG_CXX_LANGUAGE_STANDARD = "gnu++0x";
				CLANG_CXX_LIBRARY = "libc++";
				CLANG_ENABLE_MODULES = YES;
				CLANG_ENABLE_OBJC_ARC = YES;
				CLANG_WARN_BOOL_CONVERSION = YES;
				CLANG_WARN_CONSTANT_CONVERSION = YES;
				CLANG_WARN_DIRECT_OBJC_ISA_USAGE = YES_ERROR;
				CLANG_WARN_EMPTY_BODY = YES;
				CLANG_WARN_ENUM_CONVERSION = YES;
				CLANG_WARN_INT_CONVERSION = YES;
				CLANG_WARN_OBJC_ROOT_CLASS = YES_ERROR;
				CLANG_WARN_UNREACHABLE_CODE = YES;
				CLANG_WARN__DUPLICATE_METHOD_MATCH = YES;
				"CODE_SIGN_IDENTITY[sdk=iphoneos*]" = "iPhone Developer";
				COPY_PHASE_STRIP = NO;
				DEBUG_INFORMATION_FORMAT = "dwarf-with-dsym";
				ENABLE_NS_ASSERTIONS = NO;
				ENABLE_STRICT_OBJC_MSGSEND = YES;
				GCC_C_LANGUAGE_STANDARD = gnu99;
				GCC_NO_COMMON_BLOCKS = YES;
				GCC_WARN_64_TO_32_BIT_CONVERSION = YES;
				GCC_WARN_ABOUT_RETURN_TYPE = YES_ERROR;
				GCC_WARN_UNDECLARED_SELECTOR = YES;
				GCC_WARN_UNINITIALIZED_AUTOS = YES_AGGRESSIVE;
				GCC_WARN_UNUSED_FUNCTION = YES;
				GCC_WARN_UNUSED_VARIABLE = YES;
				IPHONEOS_DEPLOYMENT_TARGET = 9.1;
				MTL_ENABLE_DEBUG_INFO = NO;
				SDKROOT = iphoneos;
				VALIDATE_PRODUCT = YES;
			};
			name = Release;
		};
		523A62491C9E3910005ECA37 /* Debug */ = {
			isa = XCBuildConfiguration;
			buildSettings = {
				ASSETCATALOG_COMPILER_APPICON_NAME = AppIcon;
				ASSETCATALOG_COMPILER_LAUNCHIMAGE_NAME = BrandAsset;
				INFOPLIST_FILE = sinaweibo/Info.plist;
				IPHONEOS_DEPLOYMENT_TARGET = 8.0;
				LD_RUNPATH_SEARCH_PATHS = "$(inherited) @executable_path/Frameworks";
				PRODUCT_BUNDLE_IDENTIFIER = com.finish.sinaweibo;
				PRODUCT_NAME = "$(TARGET_NAME)";
			};
			name = Debug;
		};
		523A624A1C9E3910005ECA37 /* Release */ = {
			isa = XCBuildConfiguration;
			buildSettings = {
				ASSETCATALOG_COMPILER_APPICON_NAME = AppIcon;
				ASSETCATALOG_COMPILER_LAUNCHIMAGE_NAME = BrandAsset;
				INFOPLIST_FILE = sinaweibo/Info.plist;
				IPHONEOS_DEPLOYMENT_TARGET = 8.0;
				LD_RUNPATH_SEARCH_PATHS = "$(inherited) @executable_path/Frameworks";
				PRODUCT_BUNDLE_IDENTIFIER = com.finish.sinaweibo;
				PRODUCT_NAME = "$(TARGET_NAME)";
			};
			name = Release;
		};
/* End XCBuildConfiguration section */

/* Begin XCConfigurationList section */
		523A62311C9E3910005ECA37 /* Build configuration list for PBXProject "sinaweibo" */ = {
			isa = XCConfigurationList;
			buildConfigurations = (
				523A62461C9E3910005ECA37 /* Debug */,
				523A62471C9E3910005ECA37 /* Release */,
			);
			defaultConfigurationIsVisible = 0;
			defaultConfigurationName = Release;
		};
		523A62481C9E3910005ECA37 /* Build configuration list for PBXNativeTarget "sinaweibo" */ = {
			isa = XCConfigurationList;
			buildConfigurations = (
				523A62491C9E3910005ECA37 /* Debug */,
				523A624A1C9E3910005ECA37 /* Release */,
			);
			defaultConfigurationIsVisible = 0;
			defaultConfigurationName = Release;
		};
/* End XCConfigurationList section */
	};
	rootObject = 523A622E1C9E3910005ECA37 /* Project object */;
}
