// !$*UTF8*$!
{
	archiveVersion = 1;
	classes = {
	};
	objectVersion = 46;
	objects = {

/* Begin PBXBuildFile section */
		523A623A1C9E3910005ECA37 /* AppDelegate.swift in Sources */ = {isa = PBXBuildFile; fileRef = 523A62391C9E3910005ECA37 /* AppDelegate.swift */; };
		523A623C1C9E3910005ECA37 /* ViewController.swift in Sources */ = {isa = PBXBuildFile; fileRef = 523A623B1C9E3910005ECA37 /* ViewController.swift */; };
		523A623F1C9E3910005ECA37 /* Main.storyboard in Resources */ = {isa = PBXBuildFile; fileRef = 523A623D1C9E3910005ECA37 /* Main.storyboard */; };
		523A62411C9E3910005ECA37 /* Assets.xcassets in Resources */ = {isa = PBXBuildFile; fileRef = 523A62401C9E3910005ECA37 /* Assets.xcassets */; };
		523A62441C9E3910005ECA37 /* LaunchScreen.storyboard in Resources */ = {isa = PBXBuildFile; fileRef = 523A62421C9E3910005ECA37 /* LaunchScreen.storyboard */; };
/* End PBXBuildFile section */

/* Begin PBXFileReference section */
		523A62361C9E3910005ECA37 /* sinaweibo.app */ = {isa = PBXFileReference; explicitFileType = wrapper.application; includeInIndex = 0; path = sinaweibo.app; sourceTree = BUILT_PRODUCTS_DIR; };
		523A62391C9E3910005ECA37 /* AppDelegate.swift */ = {isa = PBXFileReference; lastKnownFileType = sourcecode.swift; path = AppDelegate.swift; sourceTree = "<group>"; };
		523A623B1C9E3910005ECA37 /* ViewController.swift */ = {isa = PBXFileReference; lastKnownFileType = sourcecode.swift; path = ViewController.swift; sourceTree = "<group>"; };
		523A623E1C9E3910005ECA37 /* Base */ = {isa = PBXFileReference; lastKnownFileType = file.storyboard; name = Base; path = Base.lproj/Main.storyboard; sourceTree = "<group>"; };
		523A62401C9E3910005ECA37 /* Assets.xcassets */ = {isa = PBXFileReference; lastKnownFileType = folder.assetcatalog; path = Assets.xcassets; sourceTree = "<group>"; };
		523A62431C9E3910005ECA37 /* Base */ = {isa = PBXFileReference; lastKnownFileType = file.storyboard; name = Base; path = Base.lproj/LaunchScreen.storyboard; sourceTree = "<group>"; };
		523A62451C9E3910005ECA37 /* Info.plist */ = {isa = PBXFileReference; lastKnownFileType = text.plist.xml; path = Info.plist; sourceTree = "<group>"; };
/* End PBXFileReference section */

/* Begin PBXFrameworksBuildPhase section */
		523A62331C9E3910005ECA37 /* Frameworks */ = {
			isa = PBXFrameworksBuildPhase;
			buildActionMask = 2147483647;
			files = (
			);
			runOnlyForDeploymentPostprocessing = 0;
		};
/* End PBXFrameworksBuildPhase section */

/* Begin PBXGroup section */
		523A622D1C9E3910005ECA37 = {
			isa = PBXGroup;
			children = (
				523A62381C9E3910005ECA37 /* sinaweibo */,
				523A62371C9E3910005ECA37 /* Products */,
			);
			sourceTree = "<group>";
		};
		523A62371C9E3910005ECA37 /* Products */ = {
			isa = PBXGroup;
			children = (
				523A62361C9E3910005ECA37 /* sinaweibo.app */,
			);
			name = Products;
			sourceTree = "<group>";
		};
		523A62381C9E3910005ECA37 /* sinaweibo */ = {
			isa = PBXGroup;
			children = (
				523A62391C9E3910005ECA37 /* AppDelegate.swift */,
				523A623B1C9E3910005ECA37 /* ViewController.swift */,
				523A623D1C9E3910005ECA37 /* Main.storyboard */,
				523A62401C9E3910005ECA37 /* Assets.xcassets */,
				523A62421C9E3910005ECA37 /* LaunchScreen.storyboard */,
				523A62451C9E3910005ECA37 /* Info.plist */,
			);
			path = sinaweibo;
			sourceTree = "<group>";
		};
/* End PBXGroup section */

/* Begin PBXNativeTarget section */
		523A62351C9E3910005ECA37 /* sinaweibo */ = {
			isa = PBXNativeTarget;
			buildConfigurationList = 523A62481C9E3910005ECA37 /* Build configuration list for PBXNativeTarget "sinaweibo" */;
			buildPhases = (
				523A62321C9E3910005ECA37 /* Sources */,
				523A62331C9E3910005ECA37 /* Frameworks */,
				523A62341C9E3910005ECA37 /* Resources */,
			);
			buildRules = (
			);
			dependencies = (
			);
			name = sinaweibo;
			productName = sinaweibo;
			productReference = 523A62361C9E3910005ECA37 /* sinaweibo.app */;
			productType = "com.apple.product-type.application";
		};
/* End PBXNativeTarget section */

/* Begin PBXProject section */
		523A622E1C9E3910005ECA37 /* Project object */ = {
			isa = PBXProject;
			attributes = {
				CLASSPREFIX = GZ;
				LastUpgradeCheck = 0710;
				ORGANIZATIONNAME = finish;
				TargetAttributes = {
					523A62351C9E3910005ECA37 = {
						CreatedOnToolsVersion = 7.1;
						DevelopmentTeam = EPF26ZUY7A;
					};
				};
			};
			buildConfigurationList = 523A62311C9E3910005ECA37 /* Build configuration list for PBXProject "sinaweibo" */;
			compatibilityVersion = "Xcode 3.2";
			developmentRegion = English;
			hasScannedForEncodings = 0;
			knownRegions = (
				en,
				Base,
			);
			mainGroup = 523A622D1C9E3910005ECA37;
			productRefGroup = 523A62371C9E3910005ECA37 /* Products */;
			projectDirPath = "";
			projectRoot = "";
			targets = (
				523A62351C9E3910005ECA37 /* sinaweibo */,
			);
		};
/* End PBXProject section */

/* Begin PBXResourcesBuildPhase section */
		523A62341C9E3910005ECA37 /* Resources */ = {
			isa = PBXResourcesBuildPhase;
			buildActionMask = 2147483647;
			files = (
				523A62441C9E3910005ECA37 /* LaunchScreen.storyboard in Resources */,
				523A62411C9E3910005ECA37 /* Assets.xcassets in Resources */,
				523A623F1C9E3910005ECA37 /* Main.storyboard in Resources */,
			);
			runOnlyForDeploymentPostprocessing = 0;
		};
/* End PBXResourcesBuildPhase section */

/* Begin PBXSourcesBuildPhase section */
		523A62321C9E3910005ECA37 /* Sources */ = {
			isa = PBXSourcesBuildPhase;
			buildActionMask = 2147483647;
			files = (
				523A623C1C9E3910005ECA37 /* ViewController.swift in Sources */,
				523A623A1C9E3910005ECA37 /* AppDelegate.swift in Sources */,
			);
			runOnlyForDeploymentPostprocessing = 0;
		};
/* End PBXSourcesBuildPhase section */

/* Begin PBXVariantGroup section */
		523A623D1C9E3910005ECA37 /* Main.storyboard */ = {
			isa = PBXVariantGroup;
			children = (
				523A623E1C9E3910005ECA37 /* Base */,
			);
			name = Main.storyboard;
			sourceTree = "<group>";
		};
		523A62421C9E3910005ECA37 /* LaunchScreen.storyboard */ = {
			isa = PBXVariantGroup;
			children = (
				523A62431C9E3910005ECA37 /* Base */,
			);
			name = LaunchScreen.storyboard;
			sourceTree = "<group>";
		};
/* End PBXVariantGroup section */

/* Begin XCBuildConfiguration section */
		523A62461C9E3910005ECA37 /* Debug */ = {
			isa = XCBuildConfiguration;
			buildSettings = {
				ALWAYS_SEARCH_USER_PATHS = NO;
				CLANG_CXX_LANGUAGE_STANDARD = "gnu++0x";
				CLANG_CXX_LIBRARY = "libc++";
				CLANG_ENABLE_MODULES = YES;
				CLANG_ENABLE_OBJC_ARC = YES;
				CLANG_WARN_BOOL_CONVERSION = YES;
				CLANG_WARN_CONSTANT_CONVERSION = YES;
				CLANG_WARN_DIRECT_OBJC_ISA_USAGE = YES_ERROR;
				CLANG_WARN_EMPTY_BODY = YES;
				CLANG_WARN_ENUM_CONVERSION = YES;
				CLANG_WARN_INT_CONVERSION = YES;
				CLANG_WARN_OBJC_ROOT_CLASS = YES_ERROR;
				CLANG_WARN_UNREACHABLE_CODE = YES;
				CLANG_WARN__DUPLICATE_METHOD_MATCH = YES;
				"CODE_SIGN_IDENTITY[sdk=iphoneos*]" = "iPhone Developer";
				COPY_PHASE_STRIP = NO;
				DEBUG_INFORMATION_FORMAT = dwarf;
				ENABLE_STRICT_OBJC_MSGSEND = YES;
				ENABLE_TESTABILITY = YES;
				GCC_C_LANGUAGE_STANDARD = gnu99;
				GCC_DYNAMIC_NO_PIC = NO;
				GCC_NO_COMMON_BLOCKS = YES;
				GCC_OPTIMIZATION_LEVEL = 0;
				GCC_PREPROCESSOR_DEFINITIONS = (
					"DEBUG=1",
					"$(inherited)",
				);
				GCC_WARN_64_TO_32_BIT_CONVERSION = YES;
				GCC_WARN_ABOUT_RETURN_TYPE = YES_ERROR;
				GCC_WARN_UNDECLARED_SELECTOR = YES;
				GCC_WARN_UNINITIALIZED_AUTOS = YES_AGGRESSIVE;
				GCC_WARN_UNUSED_FUNCTION = YES;
				GCC_WARN_UNUSED_VARIABLE = YES;
				IPHONEOS_DEPLOYMENT_TARGET = 9.1;
				MTL_ENABLE_DEBUG_INFO = YES;
				ONLY_ACTIVE_ARCH = YES;
				SDKROOT = iphoneos;
				SWIFT_OPTIMIZATION_LEVEL = "-Onone";
			};
			name = Debug;
		};
		523A62471C9E3910005ECA37 /* Release */ = {
			isa = XCBuildConfiguration;
			buildSettings = {
				ALWAYS_SEARCH_USER_PATHS = NO;
				CLANG_CXX_LANGUAGE_STANDARD = "gnu++0x";
				CLANG_CXX_LIBRARY = "libc++";
				CLANG_ENABLE_MODULES = YES;
				CLANG_ENABLE_OBJC_ARC = YES;
				CLANG_WARN_BOOL_CONVERSION = YES;
				CLANG_WARN_CONSTANT_CONVERSION = YES;
				CLANG_WARN_DIRECT_OBJC_ISA_USAGE = YES_ERROR;
				CLANG_WARN_EMPTY_BODY = YES;
				CLANG_WARN_ENUM_CONVERSION = YES;
				CLANG_WARN_INT_CONVERSION = YES;
				CLANG_WARN_OBJC_ROOT_CLASS = YES_ERROR;
				CLANG_WARN_UNREACHABLE_CODE = YES;
				CLANG_WARN__DUPLICATE_METHOD_MATCH = YES;
				"CODE_SIGN_IDENTITY[sdk=iphoneos*]" = "iPhone Developer";
				COPY_PHASE_STRIP = NO;
				DEBUG_INFORMATION_FORMAT = "dwarf-with-dsym";
				ENABLE_NS_ASSERTIONS = NO;
				ENABLE_STRICT_OBJC_MSGSEND = YES;
				GCC_C_LANGUAGE_STANDARD = gnu99;
				GCC_NO_COMMON_BLOCKS = YES;
				GCC_WARN_64_TO_32_BIT_CONVERSION = YES;
				GCC_WARN_ABOUT_RETURN_TYPE = YES_ERROR;
				GCC_WARN_UNDECLARED_SELECTOR = YES;
				GCC_WARN_UNINITIALIZED_AUTOS = YES_AGGRESSIVE;
				GCC_WARN_UNUSED_FUNCTION = YES;
				GCC_WARN_UNUSED_VARIABLE = YES;
				IPHONEOS_DEPLOYMENT_TARGET = 9.1;
				MTL_ENABLE_DEBUG_INFO = NO;
				SDKROOT = iphoneos;
				VALIDATE_PRODUCT = YES;
			};
			name = Release;
		};
		523A62491C9E3910005ECA37 /* Debug */ = {
			isa = XCBuildConfiguration;
			buildSettings = {
				ASSETCATALOG_COMPILER_APPICON_NAME = AppIcon;
				INFOPLIST_FILE = sinaweibo/Info.plist;
				IPHONEOS_DEPLOYMENT_TARGET = 8.0;
				LD_RUNPATH_SEARCH_PATHS = "$(inherited) @executable_path/Frameworks";
				PRODUCT_BUNDLE_IDENTIFIER = com.finish.sinaweibo;
				PRODUCT_NAME = "$(TARGET_NAME)";
			};
			name = Debug;
		};
		523A624A1C9E3910005ECA37 /* Release */ = {
			isa = XCBuildConfiguration;
			buildSettings = {
				ASSETCATALOG_COMPILER_APPICON_NAME = AppIcon;
				INFOPLIST_FILE = sinaweibo/Info.plist;
				IPHONEOS_DEPLOYMENT_TARGET = 8.0;
				LD_RUNPATH_SEARCH_PATHS = "$(inherited) @executable_path/Frameworks";
				PRODUCT_BUNDLE_IDENTIFIER = com.finish.sinaweibo;
				PRODUCT_NAME = "$(TARGET_NAME)";
			};
			name = Release;
		};
/* End XCBuildConfiguration section */

/* Begin XCConfigurationList section */
		523A62311C9E3910005ECA37 /* Build configuration list for PBXProject "sinaweibo" */ = {
			isa = XCConfigurationList;
			buildConfigurations = (
				523A62461C9E3910005ECA37 /* Debug */,
				523A62471C9E3910005ECA37 /* Release */,
			);
			defaultConfigurationIsVisible = 0;
			defaultConfigurationName = Release;
		};
		523A62481C9E3910005ECA37 /* Build configuration list for PBXNativeTarget "sinaweibo" */ = {
			isa = XCConfigurationList;
			buildConfigurations = (
				523A62491C9E3910005ECA37 /* Debug */,
				523A624A1C9E3910005ECA37 /* Release */,
			);
			defaultConfigurationIsVisible = 0;
		};
/* End XCConfigurationList section */
	};
	rootObject = 523A622E1C9E3910005ECA37 /* Project object */;
}
